
Microsoft Visual Studio Solution File, Format Version 12.00
# Visual Studio Version 17
VisualStudioVersion = 17.1.32328.378
MinimumVisualStudioVersion = 10.0.40219.1
Project("{9A19103F-16F7-4668-BE54-9A1E7A4F7556}") = "AutomationPracticeTests", "WebDriverFundamentalsPOMExercise3\AutomationPracticeTests.csproj", "{40DB61D5-3B2A-4644-91FE-E16F873128AD}"
EndProject
Global
	GlobalSection(SolutionConfigurationPlatforms) = preSolution
		Debug|Any CPU = Debug|Any CPU
		Release|Any CPU = Release|Any CPU
	EndGlobalSection
	GlobalSection(ProjectConfigurationPlatforms) = postSolution
		{40DB61D5-3B2A-4644-91FE-E16F873128AD}.Debug|Any CPU.ActiveCfg = Debug|Any CPU
		{40DB61D5-3B2A-4644-91FE-E16F873128AD}.Debug|Any CPU.Build.0 = Debug|Any CPU
		{40DB61D5-3B2A-4644-91FE-E16F873128AD}.Release|Any CPU.ActiveCfg = Release|Any CPU
		{40DB61D5-3B2A-4644-91FE-E16F873128AD}.Release|Any CPU.Build.0 = Release|Any CPU
	EndGlobalSection
	GlobalSection(SolutionProperties) = preSolution
		HideSolutionNode = FALSE
	EndGlobalSection
	GlobalSection(ExtensibilityGlobals) = postSolution
		SolutionGuid = {40BCC700-43DC-4CBB-BEC9-C0811340E507}
	EndGlobalSection
EndGlobal
